
Microsoft Visual Studio Solution File, Format Version 12.00
# Visual Studio Version 16
VisualStudioVersion = 16.0.29306.81
MinimumVisualStudioVersion = 10.0.40219.1
Project("{FAE04EC0-301F-11D3-BF4B-00C04F79EFBC}") = "klip", "klip.csproj", "{394160EC-BB48-42DC-A3EF-7707596EB9AB}"
EndProject
Global
	GlobalSection(SolutionConfigurationPlatforms) = preSolution
		Debug|Any CPU = Debug|Any CPU
		Release|Any CPU = Release|Any CPU
	EndGlobalSection
	GlobalSection(ProjectConfigurationPlatforms) = postSolution
		{394160EC-BB48-42DC-A3EF-7707596EB9AB}.Debug|Any CPU.ActiveCfg = Debug|Any CPU
		{394160EC-BB48-42DC-A3EF-7707596EB9AB}.Debug|Any CPU.Build.0 = Debug|Any CPU
		{394160EC-BB48-42DC-A3EF-7707596EB9AB}.Release|Any CPU.ActiveCfg = Release|Any CPU
		{394160EC-BB48-42DC-A3EF-7707596EB9AB}.Release|Any CPU.Build.0 = Release|Any CPU
	EndGlobalSection
	GlobalSection(SolutionProperties) = preSolution
		HideSolutionNode = FALSE
	EndGlobalSection
	GlobalSection(ExtensibilityGlobals) = postSolution
		SolutionGuid = {EBD6B33F-49B6-4F4E-8360-B86F42383EDE}
	EndGlobalSection
EndGlobal
